
Microsoft Visual Studio Solution File, Format Version 12.00
# Visual Studio Version 16
VisualStudioVersion = 16.0.30709.132
MinimumVisualStudioVersion = 10.0.40219.1
Project("{2150E333-8FDC-42A3-9474-1A3956D46DE8}") = "Solution Items", "Solution Items", "{F14282D4-EE40-4920-A9FB-2DE69D7C9C1F}"
	ProjectSection(SolutionItems) = preProject
		Advanced_CSharp_Agenda.txt = Advanced_CSharp_Agenda.txt
		LinkCollection.txt = LinkCollection.txt
		Wertetypen_und_Referenztypen.txt = Wertetypen_und_Referenztypen.txt
	EndProjectSection
EndProject
Project("{2150E333-8FDC-42A3-9474-1A3956D46DE8}") = "CSharp_Features", "CSharp_Features", "{BE3D15B2-ABDD-4E9E-94B8-197D6AEE5792}"
EndProject
Project("{9A19103F-16F7-4668-BE54-9A1E7A4F7556}") = "CSharp_70", "CSharp_70\CSharp_70.csproj", "{5004833F-4970-4EAD-B8DD-F046585209F2}"
EndProject
Project("{2150E333-8FDC-42A3-9474-1A3956D46DE8}") = "Basics", "Basics", "{3EC9C989-219E-4A0D-8F17-6495CADC5432}"
EndProject
Project("{9A19103F-16F7-4668-BE54-9A1E7A4F7556}") = "ReferenceTypes_ValueTypes", "ReferenceTypes_ValueTypes\ReferenceTypes_ValueTypes.csproj", "{C4D9E89F-A792-464C-9C82-9391497C41C8}"
EndProject
Project("{9A19103F-16F7-4668-BE54-9A1E7A4F7556}") = "CSharp_71", "CSharp_71\CSharp_71.csproj", "{4F7C5A1A-9FF5-48AE-82AD-1CB079B52179}"
EndProject
Project("{9A19103F-16F7-4668-BE54-9A1E7A4F7556}") = "CSharp_72", "CSharp72\CSharp_72.csproj", "{E9DC9196-DE96-4A35-9230-1F4BDD640FDD}"
EndProject
Project("{9A19103F-16F7-4668-BE54-9A1E7A4F7556}") = "CSharp_73", "CSharp_73\CSharp_73.csproj", "{E228255F-CA7F-421B-AD16-13C4F3C3AB72}"
EndProject
Project("{9A19103F-16F7-4668-BE54-9A1E7A4F7556}") = "CSharp_80", "CSharp_80\CSharp_80.csproj", "{B00C5FF0-A684-426B-87FF-80FBCEFE4293}"
EndProject
Project("{9A19103F-16F7-4668-BE54-9A1E7A4F7556}") = "CSharp_90", "CSharp_90\CSharp_90.csproj", "{4816C14C-BE90-40B8-BB9A-39F2EBC80B47}"
EndProject
Project("{2150E333-8FDC-42A3-9474-1A3956D46DE8}") = "Solid", "Solid", "{94F23199-B0E1-4401-AE56-F9A076FD869B}"
EndProject
Project("{9A19103F-16F7-4668-BE54-9A1E7A4F7556}") = "001_Responsibility_Princip_RP", "Responsibility_Princip_OCP\001_Responsibility_Princip_RP.csproj", "{85E6AE79-96CF-4C7A-83B1-3B2E4D7ABCB0}"
EndProject
Project("{9A19103F-16F7-4668-BE54-9A1E7A4F7556}") = "OpenClosed_Principle_OCP", "OpenClosed_Principle_OCP\OpenClosed_Principle_OCP.csproj", "{1114F817-5B7E-4149-8D32-7DD1964FEE7B}"
EndProject
Project("{2150E333-8FDC-42A3-9474-1A3956D46DE8}") = "Solid_Übungen", "Solid_Übungen", "{A413F778-FF81-48A8-B541-E6D56012F1FA}"
EndProject
Project("{9A19103F-16F7-4668-BE54-9A1E7A4F7556}") = "Übung_Solid1", "Übung_Solid1\Übung_Solid1.csproj", "{E9A6914D-3BDB-49EC-BA06-2500B785D769}"
EndProject
Project("{9A19103F-16F7-4668-BE54-9A1E7A4F7556}") = "Übung_Solid2", "Übung_Solid2\Übung_Solid2.csproj", "{30A1A744-A6F1-4D01-992F-31F68DCF660E}"
EndProject
Project("{9A19103F-16F7-4668-BE54-9A1E7A4F7556}") = "Solid_Übung3", "Solid_Übung3\Solid_Übung3.csproj", "{81C2B995-29FE-4ACE-B718-305B7AE2FB5E}"
EndProject
Project("{9A19103F-16F7-4668-BE54-9A1E7A4F7556}") = "Dependency_Inversion", "Dependency_Inversion\Dependency_Inversion.csproj", "{85FAE80B-E644-4D8D-B74C-77B0B4B1A4C2}"
EndProject
Project("{2150E333-8FDC-42A3-9474-1A3956D46DE8}") = "Generics", "Generics", "{E6E839B8-5FE3-47F5-86BD-8B15EDCF10FF}"
EndProject
Project("{9A19103F-16F7-4668-BE54-9A1E7A4F7556}") = "GenericSample", "GenericSample\GenericSample.csproj", "{120B0C25-1D5F-4063-BC57-C95C96C1D21D}"
EndProject
Project("{9A19103F-16F7-4668-BE54-9A1E7A4F7556}") = "GernicsWithContraintsSample", "GernicsWithContraintsSample\GernicsWithContraintsSample.csproj", "{12B285A0-3248-436D-A710-EB8E3FEDCF18}"
EndProject
Project("{2150E333-8FDC-42A3-9474-1A3956D46DE8}") = "Events", "Events", "{24D0AB1B-8522-449F-83A2-98748D609659}"
EndProject
Project("{9A19103F-16F7-4668-BE54-9A1E7A4F7556}") = "EventSample", "EventSample\EventSample.csproj", "{60A254A9-13C9-40E5-AF8B-48CD31EE6A93}"
EndProject
Project("{FAE04EC0-301F-11D3-BF4B-00C04F79EFBC}") = "DelegateWithEventSample", "DelegateWithEventSample\DelegateWithEventSample.csproj", "{17AFA911-74DD-480F-98D8-3C8ADE7F86A4}"
EndProject
Project("{2150E333-8FDC-42A3-9474-1A3956D46DE8}") = "Linq_Lambda_Sample", "Linq_Lambda_Sample", "{5C843863-31CB-4EFA-8727-804EC7C9C3FE}"
EndProject
Project("{FAE04EC0-301F-11D3-BF4B-00C04F79EFBC}") = "LinqSample", "LinqSample\LinqSample.csproj", "{243D9FE3-BA2D-4377-BD05-1BF1630413D2}"
EndProject
Project("{2150E333-8FDC-42A3-9474-1A3956D46DE8}") = "Serialisierung", "Serialisierung", "{0224D249-C914-4E3C-A108-810B1F7F2605}"
EndProject
Project("{FAE04EC0-301F-11D3-BF4B-00C04F79EFBC}") = "SerializeSample", "SerializeSample\SerializeSample.csproj", "{27DD2EAF-24D6-4E0D-A023-B9BD60852BAA}"
EndProject
Project("{2150E333-8FDC-42A3-9474-1A3956D46DE8}") = "StringBuilderBenchmarkTest", "StringBuilderBenchmarkTest", "{2482D0FE-FDB9-4BF7-857F-767AE2CFC4AE}"
EndProject
Project("{FAE04EC0-301F-11D3-BF4B-00C04F79EFBC}") = "StringBuilderBenchmarkDemo", "StringBuilderBenchmarkDemo\StringBuilderBenchmarkDemo.csproj", "{A2371593-A4F0-4B8B-B648-BBF2EDBF27D1}"
EndProject
Global
	GlobalSection(SolutionConfigurationPlatforms) = preSolution
		Debug|Any CPU = Debug|Any CPU
		Release|Any CPU = Release|Any CPU
	EndGlobalSection
	GlobalSection(ProjectConfigurationPlatforms) = postSolution
		{5004833F-4970-4EAD-B8DD-F046585209F2}.Debug|Any CPU.ActiveCfg = Debug|Any CPU
		{5004833F-4970-4EAD-B8DD-F046585209F2}.Debug|Any CPU.Build.0 = Debug|Any CPU
		{5004833F-4970-4EAD-B8DD-F046585209F2}.Release|Any CPU.ActiveCfg = Release|Any CPU
		{5004833F-4970-4EAD-B8DD-F046585209F2}.Release|Any CPU.Build.0 = Release|Any CPU
		{C4D9E89F-A792-464C-9C82-9391497C41C8}.Debug|Any CPU.ActiveCfg = Debug|Any CPU
		{C4D9E89F-A792-464C-9C82-9391497C41C8}.Debug|Any CPU.Build.0 = Debug|Any CPU
		{C4D9E89F-A792-464C-9C82-9391497C41C8}.Release|Any CPU.ActiveCfg = Release|Any CPU
		{C4D9E89F-A792-464C-9C82-9391497C41C8}.Release|Any CPU.Build.0 = Release|Any CPU
		{4F7C5A1A-9FF5-48AE-82AD-1CB079B52179}.Debug|Any CPU.ActiveCfg = Debug|Any CPU
		{4F7C5A1A-9FF5-48AE-82AD-1CB079B52179}.Debug|Any CPU.Build.0 = Debug|Any CPU
		{4F7C5A1A-9FF5-48AE-82AD-1CB079B52179}.Release|Any CPU.ActiveCfg = Release|Any CPU
		{4F7C5A1A-9FF5-48AE-82AD-1CB079B52179}.Release|Any CPU.Build.0 = Release|Any CPU
		{E9DC9196-DE96-4A35-9230-1F4BDD640FDD}.Debug|Any CPU.ActiveCfg = Debug|Any CPU
		{E9DC9196-DE96-4A35-9230-1F4BDD640FDD}.Debug|Any CPU.Build.0 = Debug|Any CPU
		{E9DC9196-DE96-4A35-9230-1F4BDD640FDD}.Release|Any CPU.ActiveCfg = Release|Any CPU
		{E9DC9196-DE96-4A35-9230-1F4BDD640FDD}.Release|Any CPU.Build.0 = Release|Any CPU
		{E228255F-CA7F-421B-AD16-13C4F3C3AB72}.Debug|Any CPU.ActiveCfg = Debug|Any CPU
		{E228255F-CA7F-421B-AD16-13C4F3C3AB72}.Debug|Any CPU.Build.0 = Debug|Any CPU
		{E228255F-CA7F-421B-AD16-13C4F3C3AB72}.Release|Any CPU.ActiveCfg = Release|Any CPU
		{E228255F-CA7F-421B-AD16-13C4F3C3AB72}.Release|Any CPU.Build.0 = Release|Any CPU
		{B00C5FF0-A684-426B-87FF-80FBCEFE4293}.Debug|Any CPU.ActiveCfg = Debug|Any CPU
		{B00C5FF0-A684-426B-87FF-80FBCEFE4293}.Debug|Any CPU.Build.0 = Debug|Any CPU
		{B00C5FF0-A684-426B-87FF-80FBCEFE4293}.Release|Any CPU.ActiveCfg = Release|Any CPU
		{B00C5FF0-A684-426B-87FF-80FBCEFE4293}.Release|Any CPU.Build.0 = Release|Any CPU
		{4816C14C-BE90-40B8-BB9A-39F2EBC80B47}.Debug|Any CPU.ActiveCfg = Debug|Any CPU
		{4816C14C-BE90-40B8-BB9A-39F2EBC80B47}.Debug|Any CPU.Build.0 = Debug|Any CPU
		{4816C14C-BE90-40B8-BB9A-39F2EBC80B47}.Release|Any CPU.ActiveCfg = Release|Any CPU
		{4816C14C-BE90-40B8-BB9A-39F2EBC80B47}.Release|Any CPU.Build.0 = Release|Any CPU
		{85E6AE79-96CF-4C7A-83B1-3B2E4D7ABCB0}.Debug|Any CPU.ActiveCfg = Debug|Any CPU
		{85E6AE79-96CF-4C7A-83B1-3B2E4D7ABCB0}.Debug|Any CPU.Build.0 = Debug|Any CPU
		{85E6AE79-96CF-4C7A-83B1-3B2E4D7ABCB0}.Release|Any CPU.ActiveCfg = Release|Any CPU
		{85E6AE79-96CF-4C7A-83B1-3B2E4D7ABCB0}.Release|Any CPU.Build.0 = Release|Any CPU
		{1114F817-5B7E-4149-8D32-7DD1964FEE7B}.Debug|Any CPU.ActiveCfg = Debug|Any CPU
		{1114F817-5B7E-4149-8D32-7DD1964FEE7B}.Debug|Any CPU.Build.0 = Debug|Any CPU
		{1114F817-5B7E-4149-8D32-7DD1964FEE7B}.Release|Any CPU.ActiveCfg = Release|Any CPU
		{1114F817-5B7E-4149-8D32-7DD1964FEE7B}.Release|Any CPU.Build.0 = Release|Any CPU
		{E9A6914D-3BDB-49EC-BA06-2500B785D769}.Debug|Any CPU.ActiveCfg = Debug|Any CPU
		{E9A6914D-3BDB-49EC-BA06-2500B785D769}.Debug|Any CPU.Build.0 = Debug|Any CPU
		{E9A6914D-3BDB-49EC-BA06-2500B785D769}.Release|Any CPU.ActiveCfg = Release|Any CPU
		{E9A6914D-3BDB-49EC-BA06-2500B785D769}.Release|Any CPU.Build.0 = Release|Any CPU
		{30A1A744-A6F1-4D01-992F-31F68DCF660E}.Debug|Any CPU.ActiveCfg = Debug|Any CPU
		{30A1A744-A6F1-4D01-992F-31F68DCF660E}.Debug|Any CPU.Build.0 = Debug|Any CPU
		{30A1A744-A6F1-4D01-992F-31F68DCF660E}.Release|Any CPU.ActiveCfg = Release|Any CPU
		{30A1A744-A6F1-4D01-992F-31F68DCF660E}.Release|Any CPU.Build.0 = Release|Any CPU
		{81C2B995-29FE-4ACE-B718-305B7AE2FB5E}.Debug|Any CPU.ActiveCfg = Debug|Any CPU
		{81C2B995-29FE-4ACE-B718-305B7AE2FB5E}.Debug|Any CPU.Build.0 = Debug|Any CPU
		{81C2B995-29FE-4ACE-B718-305B7AE2FB5E}.Release|Any CPU.ActiveCfg = Release|Any CPU
		{81C2B995-29FE-4ACE-B718-305B7AE2FB5E}.Release|Any CPU.Build.0 = Release|Any CPU
		{85FAE80B-E644-4D8D-B74C-77B0B4B1A4C2}.Debug|Any CPU.ActiveCfg = Debug|Any CPU
		{85FAE80B-E644-4D8D-B74C-77B0B4B1A4C2}.Debug|Any CPU.Build.0 = Debug|Any CPU
		{85FAE80B-E644-4D8D-B74C-77B0B4B1A4C2}.Release|Any CPU.ActiveCfg = Release|Any CPU
		{85FAE80B-E644-4D8D-B74C-77B0B4B1A4C2}.Release|Any CPU.Build.0 = Release|Any CPU
		{120B0C25-1D5F-4063-BC57-C95C96C1D21D}.Debug|Any CPU.ActiveCfg = Debug|Any CPU
		{120B0C25-1D5F-4063-BC57-C95C96C1D21D}.Debug|Any CPU.Build.0 = Debug|Any CPU
		{120B0C25-1D5F-4063-BC57-C95C96C1D21D}.Release|Any CPU.ActiveCfg = Release|Any CPU
		{120B0C25-1D5F-4063-BC57-C95C96C1D21D}.Release|Any CPU.Build.0 = Release|Any CPU
		{12B285A0-3248-436D-A710-EB8E3FEDCF18}.Debug|Any CPU.ActiveCfg = Debug|Any CPU
		{12B285A0-3248-436D-A710-EB8E3FEDCF18}.Debug|Any CPU.Build.0 = Debug|Any CPU
		{12B285A0-3248-436D-A710-EB8E3FEDCF18}.Release|Any CPU.ActiveCfg = Release|Any CPU
		{12B285A0-3248-436D-A710-EB8E3FEDCF18}.Release|Any CPU.Build.0 = Release|Any CPU
		{60A254A9-13C9-40E5-AF8B-48CD31EE6A93}.Debug|Any CPU.ActiveCfg = Debug|Any CPU
		{60A254A9-13C9-40E5-AF8B-48CD31EE6A93}.Debug|Any CPU.Build.0 = Debug|Any CPU
		{60A254A9-13C9-40E5-AF8B-48CD31EE6A93}.Release|Any CPU.ActiveCfg = Release|Any CPU
		{60A254A9-13C9-40E5-AF8B-48CD31EE6A93}.Release|Any CPU.Build.0 = Release|Any CPU
		{17AFA911-74DD-480F-98D8-3C8ADE7F86A4}.Debug|Any CPU.ActiveCfg = Debug|Any CPU
		{17AFA911-74DD-480F-98D8-3C8ADE7F86A4}.Debug|Any CPU.Build.0 = Debug|Any CPU
		{17AFA911-74DD-480F-98D8-3C8ADE7F86A4}.Release|Any CPU.ActiveCfg = Release|Any CPU
		{17AFA911-74DD-480F-98D8-3C8ADE7F86A4}.Release|Any CPU.Build.0 = Release|Any CPU
		{243D9FE3-BA2D-4377-BD05-1BF1630413D2}.Debug|Any CPU.ActiveCfg = Debug|Any CPU
		{243D9FE3-BA2D-4377-BD05-1BF1630413D2}.Debug|Any CPU.Build.0 = Debug|Any CPU
		{243D9FE3-BA2D-4377-BD05-1BF1630413D2}.Release|Any CPU.ActiveCfg = Release|Any CPU
		{243D9FE3-BA2D-4377-BD05-1BF1630413D2}.Release|Any CPU.Build.0 = Release|Any CPU
		{27DD2EAF-24D6-4E0D-A023-B9BD60852BAA}.Debug|Any CPU.ActiveCfg = Debug|Any CPU
		{27DD2EAF-24D6-4E0D-A023-B9BD60852BAA}.Debug|Any CPU.Build.0 = Debug|Any CPU
		{27DD2EAF-24D6-4E0D-A023-B9BD60852BAA}.Release|Any CPU.ActiveCfg = Release|Any CPU
		{27DD2EAF-24D6-4E0D-A023-B9BD60852BAA}.Release|Any CPU.Build.0 = Release|Any CPU
		{A2371593-A4F0-4B8B-B648-BBF2EDBF27D1}.Debug|Any CPU.ActiveCfg = Debug|Any CPU
		{A2371593-A4F0-4B8B-B648-BBF2EDBF27D1}.Debug|Any CPU.Build.0 = Debug|Any CPU
		{A2371593-A4F0-4B8B-B648-BBF2EDBF27D1}.Release|Any CPU.ActiveCfg = Release|Any CPU
		{A2371593-A4F0-4B8B-B648-BBF2EDBF27D1}.Release|Any CPU.Build.0 = Release|Any CPU
	EndGlobalSection
	GlobalSection(SolutionProperties) = preSolution
		HideSolutionNode = FALSE
	EndGlobalSection
	GlobalSection(NestedProjects) = preSolution
		{5004833F-4970-4EAD-B8DD-F046585209F2} = {BE3D15B2-ABDD-4E9E-94B8-197D6AEE5792}
		{C4D9E89F-A792-464C-9C82-9391497C41C8} = {3EC9C989-219E-4A0D-8F17-6495CADC5432}
		{4F7C5A1A-9FF5-48AE-82AD-1CB079B52179} = {BE3D15B2-ABDD-4E9E-94B8-197D6AEE5792}
		{E9DC9196-DE96-4A35-9230-1F4BDD640FDD} = {BE3D15B2-ABDD-4E9E-94B8-197D6AEE5792}
		{E228255F-CA7F-421B-AD16-13C4F3C3AB72} = {BE3D15B2-ABDD-4E9E-94B8-197D6AEE5792}
		{B00C5FF0-A684-426B-87FF-80FBCEFE4293} = {BE3D15B2-ABDD-4E9E-94B8-197D6AEE5792}
		{4816C14C-BE90-40B8-BB9A-39F2EBC80B47} = {BE3D15B2-ABDD-4E9E-94B8-197D6AEE5792}
		{85E6AE79-96CF-4C7A-83B1-3B2E4D7ABCB0} = {94F23199-B0E1-4401-AE56-F9A076FD869B}
		{1114F817-5B7E-4149-8D32-7DD1964FEE7B} = {94F23199-B0E1-4401-AE56-F9A076FD869B}
		{E9A6914D-3BDB-49EC-BA06-2500B785D769} = {A413F778-FF81-48A8-B541-E6D56012F1FA}
		{30A1A744-A6F1-4D01-992F-31F68DCF660E} = {A413F778-FF81-48A8-B541-E6D56012F1FA}
		{81C2B995-29FE-4ACE-B718-305B7AE2FB5E} = {A413F778-FF81-48A8-B541-E6D56012F1FA}
		{85FAE80B-E644-4D8D-B74C-77B0B4B1A4C2} = {94F23199-B0E1-4401-AE56-F9A076FD869B}
		{120B0C25-1D5F-4063-BC57-C95C96C1D21D} = {E6E839B8-5FE3-47F5-86BD-8B15EDCF10FF}
		{12B285A0-3248-436D-A710-EB8E3FEDCF18} = {E6E839B8-5FE3-47F5-86BD-8B15EDCF10FF}
		{60A254A9-13C9-40E5-AF8B-48CD31EE6A93} = {24D0AB1B-8522-449F-83A2-98748D609659}
		{17AFA911-74DD-480F-98D8-3C8ADE7F86A4} = {24D0AB1B-8522-449F-83A2-98748D609659}
		{243D9FE3-BA2D-4377-BD05-1BF1630413D2} = {5C843863-31CB-4EFA-8727-804EC7C9C3FE}
		{27DD2EAF-24D6-4E0D-A023-B9BD60852BAA} = {0224D249-C914-4E3C-A108-810B1F7F2605}
		{A2371593-A4F0-4B8B-B648-BBF2EDBF27D1} = {2482D0FE-FDB9-4BF7-857F-767AE2CFC4AE}
	EndGlobalSection
	GlobalSection(ExtensibilityGlobals) = postSolution
		SolutionGuid = {38E69DE9-4487-4864-86F0-65F1AC5BD9E0}
	EndGlobalSection
EndGlobal
